
Microsoft Visual Studio Solution File, Format Version 12.00
# Visual Studio Version 16
VisualStudioVersion = 16.0.29306.81
MinimumVisualStudioVersion = 10.0.40219.1
Project("{FAE04EC0-301F-11D3-BF4B-00C04F79EFBC}") = "Lavoratori", "Lavoratori\Lavoratori.csproj", "{961E5BBD-11B9-4106-8375-C64EECA6B285}"
EndProject
Global
	GlobalSection(SolutionConfigurationPlatforms) = preSolution
		Debug|Any CPU = Debug|Any CPU
		Release|Any CPU = Release|Any CPU
	EndGlobalSection
	GlobalSection(ProjectConfigurationPlatforms) = postSolution
		{961E5BBD-11B9-4106-8375-C64EECA6B285}.Debug|Any CPU.ActiveCfg = Debug|Any CPU
		{961E5BBD-11B9-4106-8375-C64EECA6B285}.Debug|Any CPU.Build.0 = Debug|Any CPU
		{961E5BBD-11B9-4106-8375-C64EECA6B285}.Release|Any CPU.ActiveCfg = Release|Any CPU
		{961E5BBD-11B9-4106-8375-C64EECA6B285}.Release|Any CPU.Build.0 = Release|Any CPU
	EndGlobalSection
	GlobalSection(SolutionProperties) = preSolution
		HideSolutionNode = FALSE
	EndGlobalSection
	GlobalSection(ExtensibilityGlobals) = postSolution
		SolutionGuid = {28FB2517-1FE9-4466-A575-0622988E06A4}
	EndGlobalSection
EndGlobal
